{
  "originHash" : "cfce1fa8acd988784928e4ba5687e5cdbcbac28e2ad3503b280008388db8ccb5",
  "pins" : [
    {
      "identity" : "setting",
      "kind" : "remoteSourceControl",
      "location" : "https://github.com/aheze/Setting.git",
      "state" : {
        "revision" : "f506b13b2024fc3e7585b6e4f8290f6f1525127c",
        "version" : "1.0.1"
      }
    },
    {
      "identity" : "swiftui-multicolorgradient",
      "kind" : "remoteSourceControl",
      "location" : "https://github.com/ArthurGuibert/SwiftUI-MulticolorGradient.git",
      "state" : {
        "branch" : "main",
        "revision" : "6f80da646b607d2e3cbacc259eb41f2912ea6e4f"
      }
    }
  ],
  "version" : 3
}
